// !$*UTF8*$!
{
	archiveVersion = 1;
	classes = {
	};
	objectVersion = 46;
	objects = {

/* Begin PBXBuildFile section */
		63000AB21742B61C001E8418 /* addMono.png in Resources */ = {isa = PBXBuildFile; fileRef = 63000AB11742B61C001E8418 /* addMono.png */; };
		63000AB61742B62A001E8418 /* checkMono.png in Resources */ = {isa = PBXBuildFile; fileRef = 63000AB31742B62A001E8418 /* checkMono.png */; };
		63000AB71742B62A001E8418 /* deleteMono.png in Resources */ = {isa = PBXBuildFile; fileRef = 63000AB41742B62A001E8418 /* deleteMono.png */; };
		63000AB81742B62A001E8418 /* favoritesMono.png in Resources */ = {isa = PBXBuildFile; fileRef = 63000AB51742B62A001E8418 /* favoritesMono.png */; };
		63000ABD1742B635001E8418 /* movieMono.png in Resources */ = {isa = PBXBuildFile; fileRef = 63000AB91742B634001E8418 /* movieMono.png */; };
		63000ABE1742B635001E8418 /* ticketsMono.png in Resources */ = {isa = PBXBuildFile; fileRef = 63000ABA1742B634001E8418 /* ticketsMono.png */; };
		63000ABF1742B635001E8418 /* trophyMono.png in Resources */ = {isa = PBXBuildFile; fileRef = 63000ABB1742B635001E8418 /* trophyMono.png */; };
		63000AC01742B635001E8418 /* watchlistMono.png in Resources */ = {isa = PBXBuildFile; fileRef = 63000ABC1742B635001E8418 /* watchlistMono.png */; };
		63000AC21742B7A1001E8418 /* genreMono.png in Resources */ = {isa = PBXBuildFile; fileRef = 63000AC11742B7A1001E8418 /* genreMono.png */; };
		63000AC41742BC5A001E8418 /* audienceMono.png in Resources */ = {isa = PBXBuildFile; fileRef = 63000AC31742BC5A001E8418 /* audienceMono.png */; };
		63062D681741A15800AE542E /* newicon.icns in Resources */ = {isa = PBXBuildFile; fileRef = 63062D671741A15800AE542E /* newicon.icns */; };
		63430553173D5D17004F7155 /* YouTubeFetcher.m in Sources */ = {isa = PBXBuildFile; fileRef = 6343054F173D5D17004F7155 /* YouTubeFetcher.m */; };
		63430554173D5D17004F7155 /* TheMovieDbFetcher.m in Sources */ = {isa = PBXBuildFile; fileRef = 63430552173D5D17004F7155 /* TheMovieDbFetcher.m */; };
		63430557173D6158004F7155 /* Movie+TMDB.m in Sources */ = {isa = PBXBuildFile; fileRef = 63430556173D6158004F7155 /* Movie+TMDB.m */; };
		63430560173D7B00004F7155 /* CastViewController.m in Sources */ = {isa = PBXBuildFile; fileRef = 6343055F173D7AFF004F7155 /* CastViewController.m */; };
		63430563173D7B0F004F7155 /* MovieInfoViewController.m in Sources */ = {isa = PBXBuildFile; fileRef = 63430562173D7B0E004F7155 /* MovieInfoViewController.m */; };
		63430566173D7B1F004F7155 /* CastViewController.xib in Resources */ = {isa = PBXBuildFile; fileRef = 63430564173D7B1F004F7155 /* CastViewController.xib */; };
		63430567173D7B1F004F7155 /* MovieInfoViewController.xib in Resources */ = {isa = PBXBuildFile; fileRef = 63430565173D7B1F004F7155 /* MovieInfoViewController.xib */; };
		63456D4D1713EE9300787E9B /* Cocoa.framework in Frameworks */ = {isa = PBXBuildFile; fileRef = 63456D4C1713EE9300787E9B /* Cocoa.framework */; };
		63456D571713EE9300787E9B /* InfoPlist.strings in Resources */ = {isa = PBXBuildFile; fileRef = 63456D551713EE9300787E9B /* InfoPlist.strings */; };
		63456D591713EE9300787E9B /* main.m in Sources */ = {isa = PBXBuildFile; fileRef = 63456D581713EE9300787E9B /* main.m */; };
		63456D5D1713EE9300787E9B /* Credits.rtf in Resources */ = {isa = PBXBuildFile; fileRef = 63456D5B1713EE9300787E9B /* Credits.rtf */; };
		63456D601713EE9300787E9B /* WLSTAppDelegate.m in Sources */ = {isa = PBXBuildFile; fileRef = 63456D5F1713EE9300787E9B /* WLSTAppDelegate.m */; };
		63456D631713EE9300787E9B /* MainMenu.xib in Resources */ = {isa = PBXBuildFile; fileRef = 63456D611713EE9300787E9B /* MainMenu.xib */; };
		63456D661713EE9300787E9B /* WatchList.xcdatamodeld in Sources */ = {isa = PBXBuildFile; fileRef = 63456D641713EE9300787E9B /* WatchList.xcdatamodeld */; };
		63456D841713EFF100787E9B /* woodBackground.png in Resources */ = {isa = PBXBuildFile; fileRef = 63456D791713EFF100787E9B /* woodBackground.png */; };
		63456D8C1713EFF100787E9B /* constanza.jpg in Resources */ = {isa = PBXBuildFile; fileRef = 63456D811713EFF100787E9B /* constanza.jpg */; };
		63456D8D1713EFF100787E9B /* maze.png in Resources */ = {isa = PBXBuildFile; fileRef = 63456D821713EFF100787E9B /* maze.png */; };
		63456D8E1713EFF100787E9B /* subtle.png in Resources */ = {isa = PBXBuildFile; fileRef = 63456D831713EFF100787E9B /* subtle.png */; };
		63456D9B1713F36400787E9B /* Quartz.framework in Frameworks */ = {isa = PBXBuildFile; fileRef = 63456D9A1713F36400787E9B /* Quartz.framework */; };
		63456DA61713F7E600787E9B /* LoginWindowController.m in Sources */ = {isa = PBXBuildFile; fileRef = 63456DA51713F7E500787E9B /* LoginWindowController.m */; };
		63456DA81713F98000787E9B /* LoginWindow.xib in Resources */ = {isa = PBXBuildFile; fileRef = 63456DA71713F97F00787E9B /* LoginWindow.xib */; };
		63462233173671AD00D0F82C /* WhiteView.m in Sources */ = {isa = PBXBuildFile; fileRef = 63462232173671AD00D0F82C /* WhiteView.m */; };
		63462266173690B400D0F82C /* PostersCollectionView.m in Sources */ = {isa = PBXBuildFile; fileRef = 63462265173690B400D0F82C /* PostersCollectionView.m */; };
		635DA823173E4B080071AF66 /* check.png in Resources */ = {isa = PBXBuildFile; fileRef = 635DA81D173E4B080071AF66 /* check.png */; };
		635DA824173E4B080071AF66 /* star.png in Resources */ = {isa = PBXBuildFile; fileRef = 635DA81E173E4B080071AF66 /* star.png */; };
		635DA825173E4B080071AF66 /* heart.png in Resources */ = {isa = PBXBuildFile; fileRef = 635DA81F173E4B080071AF66 /* heart.png */; };
		635DA826173E4B080071AF66 /* list.png in Resources */ = {isa = PBXBuildFile; fileRef = 635DA820173E4B080071AF66 /* list.png */; };
		635DA827173E4B080071AF66 /* list1.png in Resources */ = {isa = PBXBuildFile; fileRef = 635DA821173E4B080071AF66 /* list1.png */; };
		635DA82A173E4E750071AF66 /* add.png in Resources */ = {isa = PBXBuildFile; fileRef = 635DA829173E4E750071AF66 /* add.png */; };
		636FAA521733B4A100260DC3 /* WatchlistViewController.m in Sources */ = {isa = PBXBuildFile; fileRef = 636FAA501733B4A100260DC3 /* WatchlistViewController.m */; };
		636FAA531733B4A100260DC3 /* WatchlistViewController.xib in Resources */ = {isa = PBXBuildFile; fileRef = 636FAA511733B4A100260DC3 /* WatchlistViewController.xib */; };
		636FAA571733B4C300260DC3 /* PostersViewController.m in Sources */ = {isa = PBXBuildFile; fileRef = 636FAA551733B4C300260DC3 /* PostersViewController.m */; };
		636FAA581733B4C300260DC3 /* PostersViewController.xib in Resources */ = {isa = PBXBuildFile; fileRef = 636FAA561733B4C300260DC3 /* PostersViewController.xib */; };
		637BB9A01736C39000674C66 /* WebKit.framework in Frameworks */ = {isa = PBXBuildFile; fileRef = 637BB99F1736C39000674C66 /* WebKit.framework */; };
		637BB9A61736C45D00674C66 /* TrailerViewController.xib in Resources */ = {isa = PBXBuildFile; fileRef = 637BB9A41736C45D00674C66 /* TrailerViewController.xib */; };
		6380CD2D173EB75F00192EFB /* List.m in Sources */ = {isa = PBXBuildFile; fileRef = 6380CD2C173EB75F00192EFB /* List.m */; };
		6380CD30173EB75F00192EFB /* Movie.m in Sources */ = {isa = PBXBuildFile; fileRef = 6380CD2F173EB75F00192EFB /* Movie.m */; };
		6380CD33173EB76000192EFB /* User.m in Sources */ = {isa = PBXBuildFile; fileRef = 6380CD32173EB76000192EFB /* User.m */; };
		6380CD39173ED1A600192EFB /* WLSTNotificationCenter.m in Sources */ = {isa = PBXBuildFile; fileRef = 6380CD38173ED1A600192EFB /* WLSTNotificationCenter.m */; };
		6380CD3F173ED77D00192EFB /* List+TMDB.m in Sources */ = {isa = PBXBuildFile; fileRef = 6380CD3E173ED77D00192EFB /* List+TMDB.m */; };
		6380CD41173EDF7100192EFB /* EventKit.framework in Frameworks */ = {isa = PBXBuildFile; fileRef = 6380CD40173EDF7100192EFB /* EventKit.framework */; };
		6380CD44173EE04A00192EFB /* WLSTEventCreator.m in Sources */ = {isa = PBXBuildFile; fileRef = 6380CD43173EE04A00192EFB /* WLSTEventCreator.m */; };
		638236C11727E11D0081FE7A /* PreferenceController.xib in Resources */ = {isa = PBXBuildFile; fileRef = 638236BF1727E11D0081FE7A /* PreferenceController.xib */; };
		639AF84A173314590088B9B3 /* internetListViewController.m in Sources */ = {isa = PBXBuildFile; fileRef = 639AF848173314590088B9B3 /* internetListViewController.m */; };
		639AF84B173314590088B9B3 /* internetListViewController.xib in Resources */ = {isa = PBXBuildFile; fileRef = 639AF849173314590088B9B3 /* internetListViewController.xib */; };
		63C8F29A1713FA6A0028C76A /* popoverViewController.m in Sources */ = {isa = PBXBuildFile; fileRef = 63C8F2991713FA6A0028C76A /* popoverViewController.m */; };
		63C8F29D1713FAA00028C76A /* LoginView.m in Sources */ = {isa = PBXBuildFile; fileRef = 63C8F29C1713FAA00028C76A /* LoginView.m */; };
		63D31F251731520C00BB71B0 /* linen.png in Resources */ = {isa = PBXBuildFile; fileRef = 63D31F211731520C00BB71B0 /* linen.png */; };
		63D31F261731520C00BB71B0 /* p1.png in Resources */ = {isa = PBXBuildFile; fileRef = 63D31F221731520C00BB71B0 /* p1.png */; };
		63D31F271731520C00BB71B0 /* red.jpg in Resources */ = {isa = PBXBuildFile; fileRef = 63D31F231731520C00BB71B0 /* red.jpg */; };
		63D31F281731520C00BB71B0 /* vintage.jpg in Resources */ = {isa = PBXBuildFile; fileRef = 63D31F241731520C00BB71B0 /* vintage.jpg */; };
		63D31F321731780700BB71B0 /* List+Create.m in Sources */ = {isa = PBXBuildFile; fileRef = 63D31F311731780700BB71B0 /* List+Create.m */; };
		63D31F381731785F00BB71B0 /* User+Create.m in Sources */ = {isa = PBXBuildFile; fileRef = 63D31F371731785F00BB71B0 /* User+Create.m */; };
		63EF3CF017401E7C00D304D7 /* calendar.png in Resources */ = {isa = PBXBuildFile; fileRef = 63EF3CEF17401E7C00D304D7 /* calendar.png */; };
		63EF3CF3174020EE00D304D7 /* LinenScrollView.m in Sources */ = {isa = PBXBuildFile; fileRef = 63EF3CF2174020ED00D304D7 /* LinenScrollView.m */; };
		63F47AAB17248E1F00F8B322 /* WatchlistWindowController.m in Sources */ = {isa = PBXBuildFile; fileRef = 63F47AA917248E1F00F8B322 /* WatchlistWindowController.m */; };
		63F47AAC17248E1F00F8B322 /* WatchlistWindow.xib in Resources */ = {isa = PBXBuildFile; fileRef = 63F47AAA17248E1F00F8B322 /* WatchlistWindow.xib */; };
		63FBE85917193C10000149E9 /* band-of-brothers-poster-1.jpg in Resources */ = {isa = PBXBuildFile; fileRef = 63FBE85817193C10000149E9 /* band-of-brothers-poster-1.jpg */; };
		63FD0D1A173D231500F5C4DD /* SmallPostersViewController.m in Sources */ = {isa = PBXBuildFile; fileRef = 63FD0D19173D231500F5C4DD /* SmallPostersViewController.m */; };
		63FD0D1C173D232000F5C4DD /* SmallPostersViewController.xib in Resources */ = {isa = PBXBuildFile; fileRef = 63FD0D1B173D232000F5C4DD /* SmallPostersViewController.xib */; };
/* End PBXBuildFile section */

/* Begin PBXFileReference section */
		63000AB11742B61C001E8418 /* addMono.png */ = {isa = PBXFileReference; lastKnownFileType = image.png; path = addMono.png; sourceTree = "<group>"; };
		63000AB31742B62A001E8418 /* checkMono.png */ = {isa = PBXFileReference; lastKnownFileType = image.png; path = checkMono.png; sourceTree = "<group>"; };
		63000AB41742B62A001E8418 /* deleteMono.png */ = {isa = PBXFileReference; lastKnownFileType = image.png; path = deleteMono.png; sourceTree = "<group>"; };
		63000AB51742B62A001E8418 /* favoritesMono.png */ = {isa = PBXFileReference; lastKnownFileType = image.png; path = favoritesMono.png; sourceTree = "<group>"; };
		63000AB91742B634001E8418 /* movieMono.png */ = {isa = PBXFileReference; lastKnownFileType = image.png; path = movieMono.png; sourceTree = "<group>"; };
		63000ABA1742B634001E8418 /* ticketsMono.png */ = {isa = PBXFileReference; lastKnownFileType = image.png; path = ticketsMono.png; sourceTree = "<group>"; };
		63000ABB1742B635001E8418 /* trophyMono.png */ = {isa = PBXFileReference; lastKnownFileType = image.png; path = trophyMono.png; sourceTree = "<group>"; };
		63000ABC1742B635001E8418 /* watchlistMono.png */ = {isa = PBXFileReference; lastKnownFileType = image.png; path = watchlistMono.png; sourceTree = "<group>"; };
		63000AC11742B7A1001E8418 /* genreMono.png */ = {isa = PBXFileReference; lastKnownFileType = image.png; path = genreMono.png; sourceTree = "<group>"; };
		63000AC31742BC5A001E8418 /* audienceMono.png */ = {isa = PBXFileReference; lastKnownFileType = image.png; path = audienceMono.png; sourceTree = "<group>"; };
		63062D671741A15800AE542E /* newicon.icns */ = {isa = PBXFileReference; lastKnownFileType = image.icns; name = newicon.icns; path = ../newicon.icns; sourceTree = "<group>"; };
		6343054E173D5D17004F7155 /* YouTubeFetcher.h */ = {isa = PBXFileReference; fileEncoding = 4; lastKnownFileType = sourcecode.c.h; path = YouTubeFetcher.h; sourceTree = "<group>"; };
		6343054F173D5D17004F7155 /* YouTubeFetcher.m */ = {isa = PBXFileReference; fileEncoding = 4; lastKnownFileType = sourcecode.c.objc; path = YouTubeFetcher.m; sourceTree = "<group>"; };
		63430550173D5D17004F7155 /* TheMovieDbApiKey.h */ = {isa = PBXFileReference; fileEncoding = 4; lastKnownFileType = sourcecode.c.h; path = TheMovieDbApiKey.h; sourceTree = "<group>"; };
		63430551173D5D17004F7155 /* TheMovieDbFetcher.h */ = {isa = PBXFileReference; fileEncoding = 4; lastKnownFileType = sourcecode.c.h; path = TheMovieDbFetcher.h; sourceTree = "<group>"; };
		63430552173D5D17004F7155 /* TheMovieDbFetcher.m */ = {isa = PBXFileReference; fileEncoding = 4; lastKnownFileType = sourcecode.c.objc; path = TheMovieDbFetcher.m; sourceTree = "<group>"; };
		63430555173D6157004F7155 /* Movie+TMDB.h */ = {isa = PBXFileReference; fileEncoding = 4; lastKnownFileType = sourcecode.c.h; path = "Movie+TMDB.h"; sourceTree = "<group>"; };
		63430556173D6158004F7155 /* Movie+TMDB.m */ = {isa = PBXFileReference; fileEncoding = 4; lastKnownFileType = sourcecode.c.objc; path = "Movie+TMDB.m"; sourceTree = "<group>"; };
		6343055E173D7AFF004F7155 /* CastViewController.h */ = {isa = PBXFileReference; fileEncoding = 4; lastKnownFileType = sourcecode.c.h; path = CastViewController.h; sourceTree = "<group>"; };
		6343055F173D7AFF004F7155 /* CastViewController.m */ = {isa = PBXFileReference; fileEncoding = 4; lastKnownFileType = sourcecode.c.objc; path = CastViewController.m; sourceTree = "<group>"; };
		63430561173D7B0E004F7155 /* MovieInfoViewController.h */ = {isa = PBXFileReference; fileEncoding = 4; lastKnownFileType = sourcecode.c.h; path = MovieInfoViewController.h; sourceTree = "<group>"; };
		63430562173D7B0E004F7155 /* MovieInfoViewController.m */ = {isa = PBXFileReference; fileEncoding = 4; lastKnownFileType = sourcecode.c.objc; path = MovieInfoViewController.m; sourceTree = "<group>"; };
		63430564173D7B1F004F7155 /* CastViewController.xib */ = {isa = PBXFileReference; fileEncoding = 4; lastKnownFileType = file.xib; path = CastViewController.xib; sourceTree = "<group>"; };
		63430565173D7B1F004F7155 /* MovieInfoViewController.xib */ = {isa = PBXFileReference; fileEncoding = 4; lastKnownFileType = file.xib; path = MovieInfoViewController.xib; sourceTree = "<group>"; };
		63456D491713EE9300787E9B /* WatchList.app */ = {isa = PBXFileReference; explicitFileType = wrapper.application; includeInIndex = 0; path = WatchList.app; sourceTree = BUILT_PRODUCTS_DIR; };
		63456D4C1713EE9300787E9B /* Cocoa.framework */ = {isa = PBXFileReference; lastKnownFileType = wrapper.framework; name = Cocoa.framework; path = System/Library/Frameworks/Cocoa.framework; sourceTree = SDKROOT; };
		63456D4F1713EE9300787E9B /* AppKit.framework */ = {isa = PBXFileReference; lastKnownFileType = wrapper.framework; name = AppKit.framework; path = System/Library/Frameworks/AppKit.framework; sourceTree = SDKROOT; };
		63456D501713EE9300787E9B /* CoreData.framework */ = {isa = PBXFileReference; lastKnownFileType = wrapper.framework; name = CoreData.framework; path = System/Library/Frameworks/CoreData.framework; sourceTree = SDKROOT; };
		63456D511713EE9300787E9B /* Foundation.framework */ = {isa = PBXFileReference; lastKnownFileType = wrapper.framework; name = Foundation.framework; path = System/Library/Frameworks/Foundation.framework; sourceTree = SDKROOT; };
		63456D541713EE9300787E9B /* WatchList-Info.plist */ = {isa = PBXFileReference; lastKnownFileType = text.plist.xml; path = "WatchList-Info.plist"; sourceTree = "<group>"; };
		63456D561713EE9300787E9B /* en */ = {isa = PBXFileReference; lastKnownFileType = text.plist.strings; name = en; path = en.lproj/InfoPlist.strings; sourceTree = "<group>"; };
		63456D581713EE9300787E9B /* main.m */ = {isa = PBXFileReference; lastKnownFileType = sourcecode.c.objc; path = main.m; sourceTree = "<group>"; };
		63456D5A1713EE9300787E9B /* WatchList-Prefix.pch */ = {isa = PBXFileReference; lastKnownFileType = sourcecode.c.h; path = "WatchList-Prefix.pch"; sourceTree = "<group>"; };
		63456D5C1713EE9300787E9B /* en */ = {isa = PBXFileReference; lastKnownFileType = text.rtf; name = en; path = en.lproj/Credits.rtf; sourceTree = "<group>"; };
		63456D5E1713EE9300787E9B /* WLSTAppDelegate.h */ = {isa = PBXFileReference; lastKnownFileType = sourcecode.c.h; path = WLSTAppDelegate.h; sourceTree = "<group>"; };
		63456D5F1713EE9300787E9B /* WLSTAppDelegate.m */ = {isa = PBXFileReference; lastKnownFileType = sourcecode.c.objc; path = WLSTAppDelegate.m; sourceTree = "<group>"; };
		63456D621713EE9300787E9B /* en */ = {isa = PBXFileReference; lastKnownFileType = file.xib; name = en; path = en.lproj/MainMenu.xib; sourceTree = "<group>"; };
		63456D651713EE9300787E9B /* WatchList.xcdatamodel */ = {isa = PBXFileReference; lastKnownFileType = wrapper.xcdatamodel; path = WatchList.xcdatamodel; sourceTree = "<group>"; };
		63456D711713EF9300787E9B /* LoginWindow.xib */ = {isa = PBXFileReference; lastKnownFileType = file.xib; path = LoginWindow.xib; sourceTree = "<group>"; };
		63456D791713EFF100787E9B /* woodBackground.png */ = {isa = PBXFileReference; lastKnownFileType = image.png; path = woodBackground.png; sourceTree = "<group>"; };
		63456D811713EFF100787E9B /* constanza.jpg */ = {isa = PBXFileReference; lastKnownFileType = image.jpeg; path = constanza.jpg; sourceTree = "<group>"; };
		63456D821713EFF100787E9B /* maze.png */ = {isa = PBXFileReference; lastKnownFileType = image.png; path = maze.png; sourceTree = "<group>"; };
		63456D831713EFF100787E9B /* subtle.png */ = {isa = PBXFileReference; lastKnownFileType = image.png; path = subtle.png; sourceTree = "<group>"; };
		63456D9A1713F36400787E9B /* Quartz.framework */ = {isa = PBXFileReference; lastKnownFileType = wrapper.framework; name = Quartz.framework; path = System/Library/Frameworks/Quartz.framework; sourceTree = SDKROOT; };
		63456DA41713F7E500787E9B /* LoginWindowController.h */ = {isa = PBXFileReference; fileEncoding = 4; lastKnownFileType = sourcecode.c.h; path = LoginWindowController.h; sourceTree = "<group>"; };
		63456DA51713F7E500787E9B /* LoginWindowController.m */ = {isa = PBXFileReference; fileEncoding = 4; lastKnownFileType = sourcecode.c.objc; path = LoginWindowController.m; sourceTree = "<group>"; };
		63456DA71713F97F00787E9B /* LoginWindow.xib */ = {isa = PBXFileReference; fileEncoding = 4; lastKnownFileType = file.xib; path = LoginWindow.xib; sourceTree = "<group>"; };
		63462231173671AD00D0F82C /* WhiteView.h */ = {isa = PBXFileReference; fileEncoding = 4; lastKnownFileType = sourcecode.c.h; path = WhiteView.h; sourceTree = "<group>"; };
		63462232173671AD00D0F82C /* WhiteView.m */ = {isa = PBXFileReference; fileEncoding = 4; lastKnownFileType = sourcecode.c.objc; path = WhiteView.m; sourceTree = "<group>"; };
		63462264173690B400D0F82C /* PostersCollectionView.h */ = {isa = PBXFileReference; fileEncoding = 4; lastKnownFileType = sourcecode.c.h; path = PostersCollectionView.h; sourceTree = "<group>"; };
		63462265173690B400D0F82C /* PostersCollectionView.m */ = {isa = PBXFileReference; fileEncoding = 4; lastKnownFileType = sourcecode.c.objc; path = PostersCollectionView.m; sourceTree = "<group>"; };
		635DA81D173E4B080071AF66 /* check.png */ = {isa = PBXFileReference; lastKnownFileType = image.png; path = check.png; sourceTree = "<group>"; };
		635DA81E173E4B080071AF66 /* star.png */ = {isa = PBXFileReference; lastKnownFileType = image.png; path = star.png; sourceTree = "<group>"; };
		635DA81F173E4B080071AF66 /* heart.png */ = {isa = PBXFileReference; lastKnownFileType = image.png; path = heart.png; sourceTree = "<group>"; };
		635DA820173E4B080071AF66 /* list.png */ = {isa = PBXFileReference; lastKnownFileType = image.png; path = list.png; sourceTree = "<group>"; };
		635DA821173E4B080071AF66 /* list1.png */ = {isa = PBXFileReference; lastKnownFileType = image.png; path = list1.png; sourceTree = "<group>"; };
		635DA829173E4E750071AF66 /* add.png */ = {isa = PBXFileReference; lastKnownFileType = image.png; path = add.png; sourceTree = "<group>"; };
		636FAA4F1733B4A100260DC3 /* WatchlistViewController.h */ = {isa = PBXFileReference; fileEncoding = 4; lastKnownFileType = sourcecode.c.h; path = WatchlistViewController.h; sourceTree = "<group>"; };
		636FAA501733B4A100260DC3 /* WatchlistViewController.m */ = {isa = PBXFileReference; fileEncoding = 4; lastKnownFileType = sourcecode.c.objc; path = WatchlistViewController.m; sourceTree = "<group>"; };
		636FAA511733B4A100260DC3 /* WatchlistViewController.xib */ = {isa = PBXFileReference; fileEncoding = 4; lastKnownFileType = file.xib; path = WatchlistViewController.xib; sourceTree = "<group>"; };
		636FAA541733B4C300260DC3 /* PostersViewController.h */ = {isa = PBXFileReference; fileEncoding = 4; lastKnownFileType = sourcecode.c.h; path = PostersViewController.h; sourceTree = "<group>"; };
		636FAA551733B4C300260DC3 /* PostersViewController.m */ = {isa = PBXFileReference; fileEncoding = 4; lastKnownFileType = sourcecode.c.objc; path = PostersViewController.m; sourceTree = "<group>"; };
		636FAA561733B4C300260DC3 /* PostersViewController.xib */ = {isa = PBXFileReference; fileEncoding = 4; lastKnownFileType = file.xib; path = PostersViewController.xib; sourceTree = "<group>"; };
		636FAA6317345D2800260DC3 /* SearchDelegate.h */ = {isa = PBXFileReference; fileEncoding = 4; lastKnownFileType = sourcecode.c.h; path = SearchDelegate.h; sourceTree = "<group>"; };
		636FAA6617345E2800260DC3 /* WatchlistDelegate.h */ = {isa = PBXFileReference; fileEncoding = 4; lastKnownFileType = sourcecode.c.h; path = WatchlistDelegate.h; sourceTree = "<group>"; };
		636FAA6717345EF600260DC3 /* LoginWindowDelegate.h */ = {isa = PBXFileReference; fileEncoding = 4; lastKnownFileType = sourcecode.c.h; path = LoginWindowDelegate.h; sourceTree = "<group>"; };
		636FAA6817345F3D00260DC3 /* WatchlistWindowDelegate.h */ = {isa = PBXFileReference; fileEncoding = 4; lastKnownFileType = sourcecode.c.h; path = WatchlistWindowDelegate.h; sourceTree = "<group>"; };
		637BB99F1736C39000674C66 /* WebKit.framework */ = {isa = PBXFileReference; lastKnownFileType = wrapper.framework; name = WebKit.framework; path = System/Library/Frameworks/WebKit.framework; sourceTree = SDKROOT; };
		637BB9A41736C45D00674C66 /* TrailerViewController.xib */ = {isa = PBXFileReference; fileEncoding = 4; lastKnownFileType = file.xib; path = TrailerViewController.xib; sourceTree = "<group>"; };
		6380CD2B173EB75F00192EFB /* List.h */ = {isa = PBXFileReference; fileEncoding = 4; lastKnownFileType = sourcecode.c.h; path = List.h; sourceTree = "<group>"; };
		6380CD2C173EB75F00192EFB /* List.m */ = {isa = PBXFileReference; fileEncoding = 4; lastKnownFileType = sourcecode.c.objc; path = List.m; sourceTree = "<group>"; };
		6380CD2E173EB75F00192EFB /* Movie.h */ = {isa = PBXFileReference; fileEncoding = 4; lastKnownFileType = sourcecode.c.h; path = Movie.h; sourceTree = "<group>"; };
		6380CD2F173EB75F00192EFB /* Movie.m */ = {isa = PBXFileReference; fileEncoding = 4; lastKnownFileType = sourcecode.c.objc; path = Movie.m; sourceTree = "<group>"; };
		6380CD31173EB76000192EFB /* User.h */ = {isa = PBXFileReference; fileEncoding = 4; lastKnownFileType = sourcecode.c.h; path = User.h; sourceTree = "<group>"; };
		6380CD32173EB76000192EFB /* User.m */ = {isa = PBXFileReference; fileEncoding = 4; lastKnownFileType = sourcecode.c.objc; path = User.m; sourceTree = "<group>"; };
		6380CD37173ED1A600192EFB /* WLSTNotificationCenter.h */ = {isa = PBXFileReference; fileEncoding = 4; lastKnownFileType = sourcecode.c.h; path = WLSTNotificationCenter.h; sourceTree = "<group>"; };
		6380CD38173ED1A600192EFB /* WLSTNotificationCenter.m */ = {isa = PBXFileReference; fileEncoding = 4; lastKnownFileType = sourcecode.c.objc; path = WLSTNotificationCenter.m; sourceTree = "<group>"; };
		6380CD3D173ED77D00192EFB /* List+TMDB.h */ = {isa = PBXFileReference; fileEncoding = 4; lastKnownFileType = sourcecode.c.h; path = "List+TMDB.h"; sourceTree = "<group>"; };
		6380CD3E173ED77D00192EFB /* List+TMDB.m */ = {isa = PBXFileReference; fileEncoding = 4; lastKnownFileType = sourcecode.c.objc; path = "List+TMDB.m"; sourceTree = "<group>"; };
		6380CD40173EDF7100192EFB /* EventKit.framework */ = {isa = PBXFileReference; lastKnownFileType = wrapper.framework; name = EventKit.framework; path = System/Library/Frameworks/EventKit.framework; sourceTree = SDKROOT; };
		6380CD42173EE04A00192EFB /* WLSTEventCreator.h */ = {isa = PBXFileReference; fileEncoding = 4; lastKnownFileType = sourcecode.c.h; path = WLSTEventCreator.h; sourceTree = "<group>"; };
		6380CD43173EE04A00192EFB /* WLSTEventCreator.m */ = {isa = PBXFileReference; fileEncoding = 4; lastKnownFileType = sourcecode.c.objc; path = WLSTEventCreator.m; sourceTree = "<group>"; };
		638236BF1727E11D0081FE7A /* PreferenceController.xib */ = {isa = PBXFileReference; fileEncoding = 4; lastKnownFileType = file.xib; path = PreferenceController.xib; sourceTree = "<group>"; };
		639AF847173314580088B9B3 /* internetListViewController.h */ = {isa = PBXFileReference; fileEncoding = 4; lastKnownFileType = sourcecode.c.h; path = internetListViewController.h; sourceTree = "<group>"; };
		639AF848173314590088B9B3 /* internetListViewController.m */ = {isa = PBXFileReference; fileEncoding = 4; lastKnownFileType = sourcecode.c.objc; path = internetListViewController.m; sourceTree = "<group>"; };
		639AF849173314590088B9B3 /* internetListViewController.xib */ = {isa = PBXFileReference; fileEncoding = 4; lastKnownFileType = file.xib; path = internetListViewController.xib; sourceTree = "<group>"; };
		63C8F2981713FA6A0028C76A /* popoverViewController.h */ = {isa = PBXFileReference; fileEncoding = 4; lastKnownFileType = sourcecode.c.h; path = popoverViewController.h; sourceTree = "<group>"; };
		63C8F2991713FA6A0028C76A /* popoverViewController.m */ = {isa = PBXFileReference; fileEncoding = 4; lastKnownFileType = sourcecode.c.objc; path = popoverViewController.m; sourceTree = "<group>"; };
		63C8F29B1713FAA00028C76A /* LoginView.h */ = {isa = PBXFileReference; fileEncoding = 4; lastKnownFileType = sourcecode.c.h; path = LoginView.h; sourceTree = "<group>"; };
		63C8F29C1713FAA00028C76A /* LoginView.m */ = {isa = PBXFileReference; fileEncoding = 4; lastKnownFileType = sourcecode.c.objc; path = LoginView.m; sourceTree = "<group>"; };
		63D31F211731520C00BB71B0 /* linen.png */ = {isa = PBXFileReference; lastKnownFileType = image.png; path = linen.png; sourceTree = "<group>"; };
		63D31F221731520C00BB71B0 /* p1.png */ = {isa = PBXFileReference; lastKnownFileType = image.png; path = p1.png; sourceTree = "<group>"; };
		63D31F231731520C00BB71B0 /* red.jpg */ = {isa = PBXFileReference; lastKnownFileType = image.jpeg; path = red.jpg; sourceTree = "<group>"; };
		63D31F241731520C00BB71B0 /* vintage.jpg */ = {isa = PBXFileReference; lastKnownFileType = image.jpeg; path = vintage.jpg; sourceTree = "<group>"; };
		63D31F301731780700BB71B0 /* List+Create.h */ = {isa = PBXFileReference; fileEncoding = 4; lastKnownFileType = sourcecode.c.h; path = "List+Create.h"; sourceTree = "<group>"; };
		63D31F311731780700BB71B0 /* List+Create.m */ = {isa = PBXFileReference; fileEncoding = 4; lastKnownFileType = sourcecode.c.objc; path = "List+Create.m"; sourceTree = "<group>"; };
		63D31F361731785F00BB71B0 /* User+Create.h */ = {isa = PBXFileReference; fileEncoding = 4; lastKnownFileType = sourcecode.c.h; path = "User+Create.h"; sourceTree = "<group>"; };
		63D31F371731785F00BB71B0 /* User+Create.m */ = {isa = PBXFileReference; fileEncoding = 4; lastKnownFileType = sourcecode.c.objc; path = "User+Create.m"; sourceTree = "<group>"; };
		63EF3CEF17401E7C00D304D7 /* calendar.png */ = {isa = PBXFileReference; lastKnownFileType = image.png; path = calendar.png; sourceTree = "<group>"; };
		63EF3CF1174020ED00D304D7 /* LinenScrollView.h */ = {isa = PBXFileReference; fileEncoding = 4; lastKnownFileType = sourcecode.c.h; path = LinenScrollView.h; sourceTree = "<group>"; };
		63EF3CF2174020ED00D304D7 /* LinenScrollView.m */ = {isa = PBXFileReference; fileEncoding = 4; lastKnownFileType = sourcecode.c.objc; path = LinenScrollView.m; sourceTree = "<group>"; };
		63F47AA817248E1F00F8B322 /* WatchlistWindowController.h */ = {isa = PBXFileReference; fileEncoding = 4; lastKnownFileType = sourcecode.c.h; path = WatchlistWindowController.h; sourceTree = "<group>"; };
		63F47AA917248E1F00F8B322 /* WatchlistWindowController.m */ = {isa = PBXFileReference; fileEncoding = 4; lastKnownFileType = sourcecode.c.objc; path = WatchlistWindowController.m; sourceTree = "<group>"; };
		63F47AAA17248E1F00F8B322 /* WatchlistWindow.xib */ = {isa = PBXFileReference; fileEncoding = 4; lastKnownFileType = file.xib; path = WatchlistWindow.xib; sourceTree = "<group>"; };
		63FBE85817193C10000149E9 /* band-of-brothers-poster-1.jpg */ = {isa = PBXFileReference; lastKnownFileType = image.jpeg; path = "band-of-brothers-poster-1.jpg"; sourceTree = "<group>"; };
		63FD0D18173D231500F5C4DD /* SmallPostersViewController.h */ = {isa = PBXFileReference; fileEncoding = 4; lastKnownFileType = sourcecode.c.h; path = SmallPostersViewController.h; sourceTree = "<group>"; };
		63FD0D19173D231500F5C4DD /* SmallPostersViewController.m */ = {isa = PBXFileReference; fileEncoding = 4; lastKnownFileType = sourcecode.c.objc; path = SmallPostersViewController.m; sourceTree = "<group>"; };
		63FD0D1B173D232000F5C4DD /* SmallPostersViewController.xib */ = {isa = PBXFileReference; fileEncoding = 4; lastKnownFileType = file.xib; path = SmallPostersViewController.xib; sourceTree = "<group>"; };
/* End PBXFileReference section */

/* Begin PBXFrameworksBuildPhase section */
		63456D461713EE9300787E9B /* Frameworks */ = {
			isa = PBXFrameworksBuildPhase;
			buildActionMask = 2147483647;
			files = (
				6380CD41173EDF7100192EFB /* EventKit.framework in Frameworks */,
				637BB9A01736C39000674C66 /* WebKit.framework in Frameworks */,
				63456D9B1713F36400787E9B /* Quartz.framework in Frameworks */,
				63456D4D1713EE9300787E9B /* Cocoa.framework in Frameworks */,
			);
			runOnlyForDeploymentPostprocessing = 0;
		};
/* End PBXFrameworksBuildPhase section */

/* Begin PBXGroup section */
		63456D401713EE9300787E9B = {
			isa = PBXGroup;
			children = (
				63456D521713EE9300787E9B /* WatchList */,
				63456D4B1713EE9300787E9B /* Frameworks */,
				63456D4A1713EE9300787E9B /* Products */,
			);
			sourceTree = "<group>";
		};
		63456D4A1713EE9300787E9B /* Products */ = {
			isa = PBXGroup;
			children = (
				63456D491713EE9300787E9B /* WatchList.app */,
			);
			name = Products;
			sourceTree = "<group>";
		};
		63456D4B1713EE9300787E9B /* Frameworks */ = {
			isa = PBXGroup;
			children = (
				63456D4C1713EE9300787E9B /* Cocoa.framework */,
				63456D4E1713EE9300787E9B /* Other Frameworks */,
			);
			name = Frameworks;
			sourceTree = "<group>";
		};
		63456D4E1713EE9300787E9B /* Other Frameworks */ = {
			isa = PBXGroup;
			children = (
				637BB99F1736C39000674C66 /* WebKit.framework */,
				6380CD40173EDF7100192EFB /* EventKit.framework */,
				63456D9A1713F36400787E9B /* Quartz.framework */,
				63456D4F1713EE9300787E9B /* AppKit.framework */,
				63456D501713EE9300787E9B /* CoreData.framework */,
				63456D511713EE9300787E9B /* Foundation.framework */,
			);
			name = "Other Frameworks";
			sourceTree = "<group>";
		};
		63456D521713EE9300787E9B /* WatchList */ = {
			isa = PBXGroup;
			children = (
				6380CD36173ED17100192EFB /* OS services */,
				636FAA6117345C4D00260DC3 /* Protocols */,
				6396A24417247564009E9F40 /* DataFetchers */,
				637BB9A11736C3CE00674C66 /* Views */,
				63456D971713F0C000787E9B /* ViewControllers */,
				63456D901713F05D00787E9B /* Xibs */,
				63456D781713EFE300787E9B /* Images */,
				63456D6F1713EF0400787E9B /* LoginWindow */,
				63456D6E1713EEF600787E9B /* AppDelegate */,
				63456D6C1713EEA500787E9B /* CoreData */,
				63456D531713EE9300787E9B /* Supporting Files */,
			);
			path = WatchList;
			sourceTree = "<group>";
		};
		63456D531713EE9300787E9B /* Supporting Files */ = {
			isa = PBXGroup;
			children = (
				63456D541713EE9300787E9B /* WatchList-Info.plist */,
				63456D551713EE9300787E9B /* InfoPlist.strings */,
				63456D581713EE9300787E9B /* main.m */,
				63456D5A1713EE9300787E9B /* WatchList-Prefix.pch */,
				63456D5B1713EE9300787E9B /* Credits.rtf */,
			);
			name = "Supporting Files";
			sourceTree = "<group>";
		};
		63456D6C1713EEA500787E9B /* CoreData */ = {
			isa = PBXGroup;
			children = (
				63456D641713EE9300787E9B /* WatchList.xcdatamodeld */,
				6380CD31173EB76000192EFB /* User.h */,
				6380CD32173EB76000192EFB /* User.m */,
				6380CD2E173EB75F00192EFB /* Movie.h */,
				6380CD2F173EB75F00192EFB /* Movie.m */,
				6380CD3D173ED77D00192EFB /* List+TMDB.h */,
				6380CD3E173ED77D00192EFB /* List+TMDB.m */,
				6380CD2B173EB75F00192EFB /* List.h */,
				6380CD2C173EB75F00192EFB /* List.m */,
				63430555173D6157004F7155 /* Movie+TMDB.h */,
				63430556173D6158004F7155 /* Movie+TMDB.m */,
				63D31F361731785F00BB71B0 /* User+Create.h */,
				63D31F371731785F00BB71B0 /* User+Create.m */,
				63D31F301731780700BB71B0 /* List+Create.h */,
				63D31F311731780700BB71B0 /* List+Create.m */,
			);
			name = CoreData;
			sourceTree = "<group>";
		};
		63456D6E1713EEF600787E9B /* AppDelegate */ = {
			isa = PBXGroup;
			children = (
				63456D5E1713EE9300787E9B /* WLSTAppDelegate.h */,
				63456D5F1713EE9300787E9B /* WLSTAppDelegate.m */,
				63456D611713EE9300787E9B /* MainMenu.xib */,
			);
			name = AppDelegate;
			sourceTree = "<group>";
		};
		63456D6F1713EF0400787E9B /* LoginWindow */ = {
			isa = PBXGroup;
			children = (
				63456D711713EF9300787E9B /* LoginWindow.xib */,
				63456DA71713F97F00787E9B /* LoginWindow.xib */,
				63456DA41713F7E500787E9B /* LoginWindowController.h */,
				63456DA51713F7E500787E9B /* LoginWindowController.m */,
				63C8F2981713FA6A0028C76A /* popoverViewController.h */,
				63C8F2991713FA6A0028C76A /* popoverViewController.m */,
				63C8F29B1713FAA00028C76A /* LoginView.h */,
				63C8F29C1713FAA00028C76A /* LoginView.m */,
			);
			name = LoginWindow;
			sourceTree = "<group>";
		};
		63456D781713EFE300787E9B /* Images */ = {
			isa = PBXGroup;
			children = (
				63062D671741A15800AE542E /* newicon.icns */,
				63FBE85817193C10000149E9 /* band-of-brothers-poster-1.jpg */,
				63456D791713EFF100787E9B /* woodBackground.png */,
				635DA81C173E4B080071AF66 /* icons */,
				63D31F201731520C00BB71B0 /* patterns */,
				63456D811713EFF100787E9B /* constanza.jpg */,
				63456D821713EFF100787E9B /* maze.png */,
				63456D831713EFF100787E9B /* subtle.png */,
			);
			name = Images;
			sourceTree = "<group>";
		};
		63456D901713F05D00787E9B /* Xibs */ = {
			isa = PBXGroup;
			children = (
				639AF849173314590088B9B3 /* internetListViewController.xib */,
				63FD0D1B173D232000F5C4DD /* SmallPostersViewController.xib */,
				638236BF1727E11D0081FE7A /* PreferenceController.xib */,
				63F47AAA17248E1F00F8B322 /* WatchlistWindow.xib */,
				637BB9A41736C45D00674C66 /* TrailerViewController.xib */,
				636FAA511733B4A100260DC3 /* WatchlistViewController.xib */,
				636FAA561733B4C300260DC3 /* PostersViewController.xib */,
				63430564173D7B1F004F7155 /* CastViewController.xib */,
				63430565173D7B1F004F7155 /* MovieInfoViewController.xib */,
			);
			name = Xibs;
			sourceTree = "<group>";
		};
		63456D971713F0C000787E9B /* ViewControllers */ = {
			isa = PBXGroup;
			children = (
				63FD0D18173D231500F5C4DD /* SmallPostersViewController.h */,
				63FD0D19173D231500F5C4DD /* SmallPostersViewController.m */,
				63430561173D7B0E004F7155 /* MovieInfoViewController.h */,
				63430562173D7B0E004F7155 /* MovieInfoViewController.m */,
				6343055E173D7AFF004F7155 /* CastViewController.h */,
				6343055F173D7AFF004F7155 /* CastViewController.m */,
				63F47AA817248E1F00F8B322 /* WatchlistWindowController.h */,
				63F47AA917248E1F00F8B322 /* WatchlistWindowController.m */,
				639AF847173314580088B9B3 /* internetListViewController.h */,
				639AF848173314590088B9B3 /* internetListViewController.m */,
				636FAA4F1733B4A100260DC3 /* WatchlistViewController.h */,
				636FAA501733B4A100260DC3 /* WatchlistViewController.m */,
				636FAA541733B4C300260DC3 /* PostersViewController.h */,
				636FAA551733B4C300260DC3 /* PostersViewController.m */,
			);
			name = ViewControllers;
			sourceTree = "<group>";
		};
		635DA81C173E4B080071AF66 /* icons */ = {
			isa = PBXGroup;
			children = (
				63000AB11742B61C001E8418 /* addMono.png */,
				63000AB31742B62A001E8418 /* checkMono.png */,
				63000AB91742B634001E8418 /* movieMono.png */,
				63000AC31742BC5A001E8418 /* audienceMono.png */,
				63000AC11742B7A1001E8418 /* genreMono.png */,
				63000ABA1742B634001E8418 /* ticketsMono.png */,
				63000ABB1742B635001E8418 /* trophyMono.png */,
				63000ABC1742B635001E8418 /* watchlistMono.png */,
				63000AB41742B62A001E8418 /* deleteMono.png */,
				63000AB51742B62A001E8418 /* favoritesMono.png */,
				63EF3CEF17401E7C00D304D7 /* calendar.png */,
				635DA829173E4E750071AF66 /* add.png */,
				635DA81D173E4B080071AF66 /* check.png */,
				635DA81E173E4B080071AF66 /* star.png */,
				635DA81F173E4B080071AF66 /* heart.png */,
				635DA820173E4B080071AF66 /* list.png */,
				635DA821173E4B080071AF66 /* list1.png */,
			);
			path = icons;
			sourceTree = "<group>";
		};
		636FAA6117345C4D00260DC3 /* Protocols */ = {
			isa = PBXGroup;
			children = (
				636FAA6817345F3D00260DC3 /* WatchlistWindowDelegate.h */,
				636FAA6317345D2800260DC3 /* SearchDelegate.h */,
				636FAA6617345E2800260DC3 /* WatchlistDelegate.h */,
				636FAA6717345EF600260DC3 /* LoginWindowDelegate.h */,
			);
			name = Protocols;
			sourceTree = "<group>";
		};
		637BB9A11736C3CE00674C66 /* Views */ = {
			isa = PBXGroup;
			children = (
				63462264173690B400D0F82C /* PostersCollectionView.h */,
				63462265173690B400D0F82C /* PostersCollectionView.m */,
				63462231173671AD00D0F82C /* WhiteView.h */,
				63462232173671AD00D0F82C /* WhiteView.m */,
				63EF3CF1174020ED00D304D7 /* LinenScrollView.h */,
				63EF3CF2174020ED00D304D7 /* LinenScrollView.m */,
			);
			name = Views;
			sourceTree = "<group>";
		};
		6380CD36173ED17100192EFB /* OS services */ = {
			isa = PBXGroup;
			children = (
				6380CD37173ED1A600192EFB /* WLSTNotificationCenter.h */,
				6380CD38173ED1A600192EFB /* WLSTNotificationCenter.m */,
				6380CD42173EE04A00192EFB /* WLSTEventCreator.h */,
				6380CD43173EE04A00192EFB /* WLSTEventCreator.m */,
			);
			name = "OS services";
			sourceTree = "<group>";
		};
		6396A24417247564009E9F40 /* DataFetchers */ = {
			isa = PBXGroup;
			children = (
				6343054E173D5D17004F7155 /* YouTubeFetcher.h */,
				6343054F173D5D17004F7155 /* YouTubeFetcher.m */,
				63430550173D5D17004F7155 /* TheMovieDbApiKey.h */,
				63430551173D5D17004F7155 /* TheMovieDbFetcher.h */,
				63430552173D5D17004F7155 /* TheMovieDbFetcher.m */,
			);
			name = DataFetchers;
			sourceTree = "<group>";
		};
		63D31F201731520C00BB71B0 /* patterns */ = {
			isa = PBXGroup;
			children = (
				63D31F211731520C00BB71B0 /* linen.png */,
				63D31F221731520C00BB71B0 /* p1.png */,
				63D31F231731520C00BB71B0 /* red.jpg */,
				63D31F241731520C00BB71B0 /* vintage.jpg */,
			);
			path = patterns;
			sourceTree = "<group>";
		};
/* End PBXGroup section */

/* Begin PBXNativeTarget section */
		63456D481713EE9300787E9B /* WatchList */ = {
			isa = PBXNativeTarget;
			buildConfigurationList = 63456D691713EE9300787E9B /* Build configuration list for PBXNativeTarget "WatchList" */;
			buildPhases = (
				63456D451713EE9300787E9B /* Sources */,
				63456D461713EE9300787E9B /* Frameworks */,
				63456D471713EE9300787E9B /* Resources */,
			);
			buildRules = (
			);
			dependencies = (
			);
			name = WatchList;
			productName = WatchList;
			productReference = 63456D491713EE9300787E9B /* WatchList.app */;
			productType = "com.apple.product-type.application";
		};
/* End PBXNativeTarget section */

/* Begin PBXProject section */
		63456D411713EE9300787E9B /* Project object */ = {
			isa = PBXProject;
			attributes = {
				CLASSPREFIX = WLST;
				LastUpgradeCheck = 0460;
				ORGANIZATIONNAME = dmitry.mazuro;
			};
			buildConfigurationList = 63456D441713EE9300787E9B /* Build configuration list for PBXProject "WatchList" */;
			compatibilityVersion = "Xcode 3.2";
			developmentRegion = English;
			hasScannedForEncodings = 0;
			knownRegions = (
				en,
			);
			mainGroup = 63456D401713EE9300787E9B;
			productRefGroup = 63456D4A1713EE9300787E9B /* Products */;
			projectDirPath = "";
			projectRoot = "";
			targets = (
				63456D481713EE9300787E9B /* WatchList */,
			);
		};
/* End PBXProject section */

/* Begin PBXResourcesBuildPhase section */
		63456D471713EE9300787E9B /* Resources */ = {
			isa = PBXResourcesBuildPhase;
			buildActionMask = 2147483647;
			files = (
				63456D571713EE9300787E9B /* InfoPlist.strings in Resources */,
				63456D5D1713EE9300787E9B /* Credits.rtf in Resources */,
				63456D631713EE9300787E9B /* MainMenu.xib in Resources */,
				63456D841713EFF100787E9B /* woodBackground.png in Resources */,
				63456D8C1713EFF100787E9B /* constanza.jpg in Resources */,
				63456D8D1713EFF100787E9B /* maze.png in Resources */,
				63456D8E1713EFF100787E9B /* subtle.png in Resources */,
				63456DA81713F98000787E9B /* LoginWindow.xib in Resources */,
				63FBE85917193C10000149E9 /* band-of-brothers-poster-1.jpg in Resources */,
				63F47AAC17248E1F00F8B322 /* WatchlistWindow.xib in Resources */,
				638236C11727E11D0081FE7A /* PreferenceController.xib in Resources */,
				63D31F251731520C00BB71B0 /* linen.png in Resources */,
				63D31F261731520C00BB71B0 /* p1.png in Resources */,
				63D31F271731520C00BB71B0 /* red.jpg in Resources */,
				63D31F281731520C00BB71B0 /* vintage.jpg in Resources */,
				639AF84B173314590088B9B3 /* internetListViewController.xib in Resources */,
				636FAA531733B4A100260DC3 /* WatchlistViewController.xib in Resources */,
				636FAA581733B4C300260DC3 /* PostersViewController.xib in Resources */,
				637BB9A61736C45D00674C66 /* TrailerViewController.xib in Resources */,
				63FD0D1C173D232000F5C4DD /* SmallPostersViewController.xib in Resources */,
				63430566173D7B1F004F7155 /* CastViewController.xib in Resources */,
				63430567173D7B1F004F7155 /* MovieInfoViewController.xib in Resources */,
				635DA823173E4B080071AF66 /* check.png in Resources */,
				635DA824173E4B080071AF66 /* star.png in Resources */,
				635DA825173E4B080071AF66 /* heart.png in Resources */,
				635DA826173E4B080071AF66 /* list.png in Resources */,
				635DA827173E4B080071AF66 /* list1.png in Resources */,
				635DA82A173E4E750071AF66 /* add.png in Resources */,
				63EF3CF017401E7C00D304D7 /* calendar.png in Resources */,
				63062D681741A15800AE542E /* newicon.icns in Resources */,
				63000AB21742B61C001E8418 /* addMono.png in Resources */,
				63000AB61742B62A001E8418 /* checkMono.png in Resources */,
				63000AB71742B62A001E8418 /* deleteMono.png in Resources */,
				63000AB81742B62A001E8418 /* favoritesMono.png in Resources */,
				63000ABD1742B635001E8418 /* movieMono.png in Resources */,
				63000ABE1742B635001E8418 /* ticketsMono.png in Resources */,
				63000ABF1742B635001E8418 /* trophyMono.png in Resources */,
				63000AC01742B635001E8418 /* watchlistMono.png in Resources */,
				63000AC21742B7A1001E8418 /* genreMono.png in Resources */,
				63000AC41742BC5A001E8418 /* audienceMono.png in Resources */,
			);
			runOnlyForDeploymentPostprocessing = 0;
		};
/* End PBXResourcesBuildPhase section */

/* Begin PBXSourcesBuildPhase section */
		63456D451713EE9300787E9B /* Sources */ = {
			isa = PBXSourcesBuildPhase;
			buildActionMask = 2147483647;
			files = (
				63456D591713EE9300787E9B /* main.m in Sources */,
				63456D601713EE9300787E9B /* WLSTAppDelegate.m in Sources */,
				63456D661713EE9300787E9B /* WatchList.xcdatamodeld in Sources */,
				63456DA61713F7E600787E9B /* LoginWindowController.m in Sources */,
				63C8F29A1713FA6A0028C76A /* popoverViewController.m in Sources */,
				63C8F29D1713FAA00028C76A /* LoginView.m in Sources */,
				63F47AAB17248E1F00F8B322 /* WatchlistWindowController.m in Sources */,
				63D31F321731780700BB71B0 /* List+Create.m in Sources */,
				63D31F381731785F00BB71B0 /* User+Create.m in Sources */,
				639AF84A173314590088B9B3 /* internetListViewController.m in Sources */,
				636FAA521733B4A100260DC3 /* WatchlistViewController.m in Sources */,
				636FAA571733B4C300260DC3 /* PostersViewController.m in Sources */,
				63462233173671AD00D0F82C /* WhiteView.m in Sources */,
				63462266173690B400D0F82C /* PostersCollectionView.m in Sources */,
				63FD0D1A173D231500F5C4DD /* SmallPostersViewController.m in Sources */,
				63430553173D5D17004F7155 /* YouTubeFetcher.m in Sources */,
				63430554173D5D17004F7155 /* TheMovieDbFetcher.m in Sources */,
				63430557173D6158004F7155 /* Movie+TMDB.m in Sources */,
				63430560173D7B00004F7155 /* CastViewController.m in Sources */,
				63430563173D7B0F004F7155 /* MovieInfoViewController.m in Sources */,
				6380CD2D173EB75F00192EFB /* List.m in Sources */,
				6380CD30173EB75F00192EFB /* Movie.m in Sources */,
				6380CD33173EB76000192EFB /* User.m in Sources */,
				6380CD39173ED1A600192EFB /* WLSTNotificationCenter.m in Sources */,
				6380CD3F173ED77D00192EFB /* List+TMDB.m in Sources */,
				6380CD44173EE04A00192EFB /* WLSTEventCreator.m in Sources */,
				63EF3CF3174020EE00D304D7 /* LinenScrollView.m in Sources */,
			);
			runOnlyForDeploymentPostprocessing = 0;
		};
/* End PBXSourcesBuildPhase section */

/* Begin PBXVariantGroup section */
		63456D551713EE9300787E9B /* InfoPlist.strings */ = {
			isa = PBXVariantGroup;
			children = (
				63456D561713EE9300787E9B /* en */,
			);
			name = InfoPlist.strings;
			sourceTree = "<group>";
		};
		63456D5B1713EE9300787E9B /* Credits.rtf */ = {
			isa = PBXVariantGroup;
			children = (
				63456D5C1713EE9300787E9B /* en */,
			);
			name = Credits.rtf;
			sourceTree = "<group>";
		};
		63456D611713EE9300787E9B /* MainMenu.xib */ = {
			isa = PBXVariantGroup;
			children = (
				63456D621713EE9300787E9B /* en */,
			);
			name = MainMenu.xib;
			sourceTree = "<group>";
		};
/* End PBXVariantGroup section */

/* Begin XCBuildConfiguration section */
		63456D671713EE9300787E9B /* Debug */ = {
			isa = XCBuildConfiguration;
			buildSettings = {
				ALWAYS_SEARCH_USER_PATHS = NO;
				ARCHS = "$(ARCHS_STANDARD_64_BIT)";
				CLANG_CXX_LANGUAGE_STANDARD = "gnu++0x";
				CLANG_CXX_LIBRARY = "libc++";
				CLANG_ENABLE_OBJC_ARC = YES;
				CLANG_WARN_CONSTANT_CONVERSION = YES;
				CLANG_WARN_EMPTY_BODY = YES;
				CLANG_WARN_ENUM_CONVERSION = YES;
				CLANG_WARN_INT_CONVERSION = YES;
				CLANG_WARN__DUPLICATE_METHOD_MATCH = YES;
				COPY_PHASE_STRIP = NO;
				GCC_C_LANGUAGE_STANDARD = gnu99;
				GCC_DYNAMIC_NO_PIC = NO;
				GCC_ENABLE_OBJC_EXCEPTIONS = YES;
				GCC_OPTIMIZATION_LEVEL = 0;
				GCC_PREPROCESSOR_DEFINITIONS = (
					"DEBUG=1",
					"$(inherited)",
				);
				GCC_SYMBOLS_PRIVATE_EXTERN = NO;
				GCC_WARN_64_TO_32_BIT_CONVERSION = YES;
				GCC_WARN_ABOUT_RETURN_TYPE = YES;
				GCC_WARN_UNINITIALIZED_AUTOS = YES;
				GCC_WARN_UNUSED_VARIABLE = YES;
				MACOSX_DEPLOYMENT_TARGET = 10.8;
				ONLY_ACTIVE_ARCH = YES;
				SDKROOT = macosx;
			};
			name = Debug;
		};
		63456D681713EE9300787E9B /* Release */ = {
			isa = XCBuildConfiguration;
			buildSettings = {
				ALWAYS_SEARCH_USER_PATHS = NO;
				ARCHS = "$(ARCHS_STANDARD_64_BIT)";
				CLANG_CXX_LANGUAGE_STANDARD = "gnu++0x";
				CLANG_CXX_LIBRARY = "libc++";
				CLANG_ENABLE_OBJC_ARC = YES;
				CLANG_WARN_CONSTANT_CONVERSION = YES;
				CLANG_WARN_EMPTY_BODY = YES;
				CLANG_WARN_ENUM_CONVERSION = YES;
				CLANG_WARN_INT_CONVERSION = YES;
				CLANG_WARN__DUPLICATE_METHOD_MATCH = YES;
				COPY_PHASE_STRIP = YES;
				DEBUG_INFORMATION_FORMAT = "dwarf-with-dsym";
				GCC_C_LANGUAGE_STANDARD = gnu99;
				GCC_ENABLE_OBJC_EXCEPTIONS = YES;
				GCC_WARN_64_TO_32_BIT_CONVERSION = YES;
				GCC_WARN_ABOUT_RETURN_TYPE = YES;
				GCC_WARN_UNINITIALIZED_AUTOS = YES;
				GCC_WARN_UNUSED_VARIABLE = YES;
				MACOSX_DEPLOYMENT_TARGET = 10.8;
				SDKROOT = macosx;
			};
			name = Release;
		};
		63456D6A1713EE9300787E9B /* Debug */ = {
			isa = XCBuildConfiguration;
			buildSettings = {
				COMBINE_HIDPI_IMAGES = YES;
				GCC_PRECOMPILE_PREFIX_HEADER = YES;
				GCC_PREFIX_HEADER = "WatchList/WatchList-Prefix.pch";
				INFOPLIST_FILE = "WatchList/WatchList-Info.plist";
				PRODUCT_NAME = "$(TARGET_NAME)";
				WRAPPER_EXTENSION = app;
			};
			name = Debug;
		};
		63456D6B1713EE9300787E9B /* Release */ = {
			isa = XCBuildConfiguration;
			buildSettings = {
				COMBINE_HIDPI_IMAGES = YES;
				GCC_PRECOMPILE_PREFIX_HEADER = YES;
				GCC_PREFIX_HEADER = "WatchList/WatchList-Prefix.pch";
				INFOPLIST_FILE = "WatchList/WatchList-Info.plist";
				PRODUCT_NAME = "$(TARGET_NAME)";
				WRAPPER_EXTENSION = app;
			};
			name = Release;
		};
/* End XCBuildConfiguration section */

/* Begin XCConfigurationList section */
		63456D441713EE9300787E9B /* Build configuration list for PBXProject "WatchList" */ = {
			isa = XCConfigurationList;
			buildConfigurations = (
				63456D671713EE9300787E9B /* Debug */,
				63456D681713EE9300787E9B /* Release */,
			);
			defaultConfigurationIsVisible = 0;
			defaultConfigurationName = Release;
		};
		63456D691713EE9300787E9B /* Build configuration list for PBXNativeTarget "WatchList" */ = {
			isa = XCConfigurationList;
			buildConfigurations = (
				63456D6A1713EE9300787E9B /* Debug */,
				63456D6B1713EE9300787E9B /* Release */,
			);
			defaultConfigurationIsVisible = 0;
			defaultConfigurationName = Release;
		};
/* End XCConfigurationList section */

/* Begin XCVersionGroup section */
		63456D641713EE9300787E9B /* WatchList.xcdatamodeld */ = {
			isa = XCVersionGroup;
			children = (
				63456D651713EE9300787E9B /* WatchList.xcdatamodel */,
			);
			currentVersion = 63456D651713EE9300787E9B /* WatchList.xcdatamodel */;
			path = WatchList.xcdatamodeld;
			sourceTree = "<group>";
			versionGroupType = wrapper.xcdatamodel;
		};
/* End XCVersionGroup section */
	};
	rootObject = 63456D411713EE9300787E9B /* Project object */;
}
